
Microsoft Visual Studio Solution File, Format Version 12.00
# Visual Studio 15
Project("{FAE04EC0-301F-11D3-BF4B-00C04F79EFBC}") = "Mixed-Reality-Bible-Project", "Mixed-Reality-Bible-Project.csproj", "{4BC3C13E-77EF-BED6-C305-43779A2BE524}"
EndProject
Project("{FAE04EC0-301F-11D3-BF4B-00C04F79EFBC}") = "Mixed-Reality-Bible-Project.Plugins", "Mixed-Reality-Bible-Project.Plugins.csproj", "{6A1B295B-ADC2-B943-C084-8DB4A698F378}"
EndProject
Project("{FAE04EC0-301F-11D3-BF4B-00C04F79EFBC}") = "Mixed-Reality-Bible-Project.Editor", "Mixed-Reality-Bible-Project.Editor.csproj", "{57190C97-2628-521A-4695-22FB57843CE0}"
EndProject
Project("{FAE04EC0-301F-11D3-BF4B-00C04F79EFBC}") = "Mixed-Reality-Bible-Project.Editor.Plugins", "Mixed-Reality-Bible-Project.Editor.Plugins.csproj", "{60761B27-336C-73F1-E99F-4B71C181B1A1}"
EndProject
Global
	GlobalSection(SolutionConfigurationPlatforms) = preSolution
		Debug|Any CPU = Debug|Any CPU
		Release|Any CPU = Release|Any CPU
	EndGlobalSection
	GlobalSection(ProjectConfigurationPlatforms) = postSolution
		{4BC3C13E-77EF-BED6-C305-43779A2BE524}.Debug|Any CPU.ActiveCfg = Debug|Any CPU
		{4BC3C13E-77EF-BED6-C305-43779A2BE524}.Debug|Any CPU.Build.0 = Debug|Any CPU
		{4BC3C13E-77EF-BED6-C305-43779A2BE524}.Release|Any CPU.ActiveCfg = Release|Any CPU
		{4BC3C13E-77EF-BED6-C305-43779A2BE524}.Release|Any CPU.Build.0 = Release|Any CPU
		{6A1B295B-ADC2-B943-C084-8DB4A698F378}.Debug|Any CPU.ActiveCfg = Debug|Any CPU
		{6A1B295B-ADC2-B943-C084-8DB4A698F378}.Debug|Any CPU.Build.0 = Debug|Any CPU
		{6A1B295B-ADC2-B943-C084-8DB4A698F378}.Release|Any CPU.ActiveCfg = Release|Any CPU
		{6A1B295B-ADC2-B943-C084-8DB4A698F378}.Release|Any CPU.Build.0 = Release|Any CPU
		{57190C97-2628-521A-4695-22FB57843CE0}.Debug|Any CPU.ActiveCfg = Debug|Any CPU
		{57190C97-2628-521A-4695-22FB57843CE0}.Debug|Any CPU.Build.0 = Debug|Any CPU
		{57190C97-2628-521A-4695-22FB57843CE0}.Release|Any CPU.ActiveCfg = Release|Any CPU
		{57190C97-2628-521A-4695-22FB57843CE0}.Release|Any CPU.Build.0 = Release|Any CPU
		{60761B27-336C-73F1-E99F-4B71C181B1A1}.Debug|Any CPU.ActiveCfg = Debug|Any CPU
		{60761B27-336C-73F1-E99F-4B71C181B1A1}.Debug|Any CPU.Build.0 = Debug|Any CPU
		{60761B27-336C-73F1-E99F-4B71C181B1A1}.Release|Any CPU.ActiveCfg = Release|Any CPU
		{60761B27-336C-73F1-E99F-4B71C181B1A1}.Release|Any CPU.Build.0 = Release|Any CPU
	EndGlobalSection
	GlobalSection(SolutionProperties) = preSolution
		HideSolutionNode = FALSE
	EndGlobalSection
EndGlobal
